// !$*UTF8*$!
{
	archiveVersion = 1;
	classes = {
	};
	objectVersion = 56;
	objects = {

/* Begin PBXBuildFile section */
		772FF57B29C673D8002D1E79 /* AppDelegate.swift in Sources */ = {isa = PBXBuildFile; fileRef = 772FF57A29C673D8002D1E79 /* AppDelegate.swift */; };
		772FF57D29C673D8002D1E79 /* SceneDelegate.swift in Sources */ = {isa = PBXBuildFile; fileRef = 772FF57C29C673D8002D1E79 /* SceneDelegate.swift */; };
		772FF57F29C673D8002D1E79 /* ViewController.swift in Sources */ = {isa = PBXBuildFile; fileRef = 772FF57E29C673D8002D1E79 /* ViewController.swift */; };
		772FF58229C673D8002D1E79 /* Main.storyboard in Resources */ = {isa = PBXBuildFile; fileRef = 772FF58029C673D8002D1E79 /* Main.storyboard */; };
		772FF58429C673DA002D1E79 /* Assets.xcassets in Resources */ = {isa = PBXBuildFile; fileRef = 772FF58329C673DA002D1E79 /* Assets.xcassets */; };
		772FF58729C673DA002D1E79 /* LaunchScreen.storyboard in Resources */ = {isa = PBXBuildFile; fileRef = 772FF58529C673DA002D1E79 /* LaunchScreen.storyboard */; };
		772FF58F29C67E4E002D1E79 /* Constant.swift in Sources */ = {isa = PBXBuildFile; fileRef = 772FF58E29C67E4E002D1E79 /* Constant.swift */; };
		AB8F7D8E9F6B75EB6A99515F /* Pods_Question2Midterm.framework in Frameworks */ = {isa = PBXBuildFile; fileRef = 763E8CCA8A97B377B82A2414 /* Pods_Question2Midterm.framework */; };
/* End PBXBuildFile section */

/* Begin PBXFileReference section */
		763E8CCA8A97B377B82A2414 /* Pods_Question2Midterm.framework */ = {isa = PBXFileReference; explicitFileType = wrapper.framework; includeInIndex = 0; path = Pods_Question2Midterm.framework; sourceTree = BUILT_PRODUCTS_DIR; };
		772FF57729C673D8002D1E79 /* Question2Midterm.app */ = {isa = PBXFileReference; explicitFileType = wrapper.application; includeInIndex = 0; path = Question2Midterm.app; sourceTree = BUILT_PRODUCTS_DIR; };
		772FF57A29C673D8002D1E79 /* AppDelegate.swift */ = {isa = PBXFileReference; lastKnownFileType = sourcecode.swift; path = AppDelegate.swift; sourceTree = "<group>"; };
		772FF57C29C673D8002D1E79 /* SceneDelegate.swift */ = {isa = PBXFileReference; lastKnownFileType = sourcecode.swift; path = SceneDelegate.swift; sourceTree = "<group>"; };
		772FF57E29C673D8002D1E79 /* ViewController.swift */ = {isa = PBXFileReference; lastKnownFileType = sourcecode.swift; path = ViewController.swift; sourceTree = "<group>"; };
		772FF58129C673D8002D1E79 /* Base */ = {isa = PBXFileReference; lastKnownFileType = file.storyboard; name = Base; path = Base.lproj/Main.storyboard; sourceTree = "<group>"; };
		772FF58329C673DA002D1E79 /* Assets.xcassets */ = {isa = PBXFileReference; lastKnownFileType = folder.assetcatalog; path = Assets.xcassets; sourceTree = "<group>"; };
		772FF58629C673DA002D1E79 /* Base */ = {isa = PBXFileReference; lastKnownFileType = file.storyboard; name = Base; path = Base.lproj/LaunchScreen.storyboard; sourceTree = "<group>"; };
		772FF58829C673DA002D1E79 /* Info.plist */ = {isa = PBXFileReference; lastKnownFileType = text.plist.xml; path = Info.plist; sourceTree = "<group>"; };
		772FF58E29C67E4E002D1E79 /* Constant.swift */ = {isa = PBXFileReference; lastKnownFileType = sourcecode.swift; path = Constant.swift; sourceTree = "<group>"; };
		9E656A28C4307F45596788D6 /* Pods-Question2Midterm.release.xcconfig */ = {isa = PBXFileReference; includeInIndex = 1; lastKnownFileType = text.xcconfig; name = "Pods-Question2Midterm.release.xcconfig"; path = "Target Support Files/Pods-Question2Midterm/Pods-Question2Midterm.release.xcconfig"; sourceTree = "<group>"; };
		EF2DBDEFBAE3744B6576C612 /* Pods-Question2Midterm.debug.xcconfig */ = {isa = PBXFileReference; includeInIndex = 1; lastKnownFileType = text.xcconfig; name = "Pods-Question2Midterm.debug.xcconfig"; path = "Target Support Files/Pods-Question2Midterm/Pods-Question2Midterm.debug.xcconfig"; sourceTree = "<group>"; };
/* End PBXFileReference section */

/* Begin PBXFrameworksBuildPhase section */
		772FF57429C673D8002D1E79 /* Frameworks */ = {
			isa = PBXFrameworksBuildPhase;
			buildActionMask = 2147483647;
			files = (
				AB8F7D8E9F6B75EB6A99515F /* Pods_Question2Midterm.framework in Frameworks */,
			);
			runOnlyForDeploymentPostprocessing = 0;
		};
/* End PBXFrameworksBuildPhase section */

/* Begin PBXGroup section */
		772FF56E29C673D8002D1E79 = {
			isa = PBXGroup;
			children = (
				772FF57929C673D8002D1E79 /* Question2Midterm */,
				772FF57829C673D8002D1E79 /* Products */,
				9710E1D8D8EAC693579828BD /* Pods */,
				C01A53CAB924CB8C4AD23626 /* Frameworks */,
			);
			sourceTree = "<group>";
		};
		772FF57829C673D8002D1E79 /* Products */ = {
			isa = PBXGroup;
			children = (
				772FF57729C673D8002D1E79 /* Question2Midterm.app */,
			);
			name = Products;
			sourceTree = "<group>";
		};
		772FF57929C673D8002D1E79 /* Question2Midterm */ = {
			isa = PBXGroup;
			children = (
				772FF57A29C673D8002D1E79 /* AppDelegate.swift */,
				772FF57C29C673D8002D1E79 /* SceneDelegate.swift */,
				772FF57E29C673D8002D1E79 /* ViewController.swift */,
				772FF58029C673D8002D1E79 /* Main.storyboard */,
				772FF58329C673DA002D1E79 /* Assets.xcassets */,
				772FF58529C673DA002D1E79 /* LaunchScreen.storyboard */,
				772FF58829C673DA002D1E79 /* Info.plist */,
				772FF58E29C67E4E002D1E79 /* Constant.swift */,
			);
			path = Question2Midterm;
			sourceTree = "<group>";
		};
		9710E1D8D8EAC693579828BD /* Pods */ = {
			isa = PBXGroup;
			children = (
				EF2DBDEFBAE3744B6576C612 /* Pods-Question2Midterm.debug.xcconfig */,
				9E656A28C4307F45596788D6 /* Pods-Question2Midterm.release.xcconfig */,
			);
			path = Pods;
			sourceTree = "<group>";
		};
		C01A53CAB924CB8C4AD23626 /* Frameworks */ = {
			isa = PBXGroup;
			children = (
				763E8CCA8A97B377B82A2414 /* Pods_Question2Midterm.framework */,
			);
			name = Frameworks;
			sourceTree = "<group>";
		};
/* End PBXGroup section */

/* Begin PBXNativeTarget section */
		772FF57629C673D8002D1E79 /* Question2Midterm */ = {
			isa = PBXNativeTarget;
			buildConfigurationList = 772FF58B29C673DA002D1E79 /* Build configuration list for PBXNativeTarget "Question2Midterm" */;
			buildPhases = (
				BC4A2B4D677712007A09E66D /* [CP] Check Pods Manifest.lock */,
				772FF57329C673D8002D1E79 /* Sources */,
				772FF57429C673D8002D1E79 /* Frameworks */,
				772FF57529C673D8002D1E79 /* Resources */,
				06416B4B4BF719DD3DC74182 /* [CP] Embed Pods Frameworks */,
			);
			buildRules = (
			);
			dependencies = (
			);
			name = Question2Midterm;
			productName = Question2Midterm;
			productReference = 772FF57729C673D8002D1E79 /* Question2Midterm.app */;
			productType = "com.apple.product-type.application";
		};
/* End PBXNativeTarget section */

/* Begin PBXProject section */
		772FF56F29C673D8002D1E79 /* Project object */ = {
			isa = PBXProject;
			attributes = {
				BuildIndependentTargetsInParallel = 1;
				LastSwiftUpdateCheck = 1420;
				LastUpgradeCheck = 1420;
				TargetAttributes = {
					772FF57629C673D8002D1E79 = {
						CreatedOnToolsVersion = 14.2;
					};
				};
			};
			buildConfigurationList = 772FF57229C673D8002D1E79 /* Build configuration list for PBXProject "Question2Midterm" */;
			compatibilityVersion = "Xcode 14.0";
			developmentRegion = en;
			hasScannedForEncodings = 0;
			knownRegions = (
				en,
				Base,
			);
			mainGroup = 772FF56E29C673D8002D1E79;
			productRefGroup = 772FF57829C673D8002D1E79 /* Products */;
			projectDirPath = "";
			projectRoot = "";
			targets = (
				772FF57629C673D8002D1E79 /* Question2Midterm */,
			);
		};
/* End PBXProject section */

/* Begin PBXResourcesBuildPhase section */
		772FF57529C673D8002D1E79 /* Resources */ = {
			isa = PBXResourcesBuildPhase;
			buildActionMask = 2147483647;
			files = (
				772FF58729C673DA002D1E79 /* LaunchScreen.storyboard in Resources */,
				772FF58429C673DA002D1E79 /* Assets.xcassets in Resources */,
				772FF58229C673D8002D1E79 /* Main.storyboard in Resources */,
			);
			runOnlyForDeploymentPostprocessing = 0;
		};
/* End PBXResourcesBuildPhase section */

/* Begin PBXShellScriptBuildPhase section */
		06416B4B4BF719DD3DC74182 /* [CP] Embed Pods Frameworks */ = {
			isa = PBXShellScriptBuildPhase;
			buildActionMask = 2147483647;
			files = (
			);
			inputFileListPaths = (
				"${PODS_ROOT}/Target Support Files/Pods-Question2Midterm/Pods-Question2Midterm-frameworks-${CONFIGURATION}-input-files.xcfilelist",
			);
			name = "[CP] Embed Pods Frameworks";
			outputFileListPaths = (
				"${PODS_ROOT}/Target Support Files/Pods-Question2Midterm/Pods-Question2Midterm-frameworks-${CONFIGURATION}-output-files.xcfilelist",
			);
			runOnlyForDeploymentPostprocessing = 0;
			shellPath = /bin/sh;
			shellScript = "\"${PODS_ROOT}/Target Support Files/Pods-Question2Midterm/Pods-Question2Midterm-frameworks.sh\"\n";
			showEnvVarsInLog = 0;
		};
		BC4A2B4D677712007A09E66D /* [CP] Check Pods Manifest.lock */ = {
			isa = PBXShellScriptBuildPhase;
			buildActionMask = 2147483647;
			files = (
			);
			inputFileListPaths = (
			);
			inputPaths = (
				"${PODS_PODFILE_DIR_PATH}/Podfile.lock",
				"${PODS_ROOT}/Manifest.lock",
			);
			name = "[CP] Check Pods Manifest.lock";
			outputFileListPaths = (
			);
			outputPaths = (
				"$(DERIVED_FILE_DIR)/Pods-Question2Midterm-checkManifestLockResult.txt",
			);
			runOnlyForDeploymentPostprocessing = 0;
			shellPath = /bin/sh;
			shellScript = "diff \"${PODS_PODFILE_DIR_PATH}/Podfile.lock\" \"${PODS_ROOT}/Manifest.lock\" > /dev/null\nif [ $? != 0 ] ; then\n    # print error to STDERR\n    echo \"error: The sandbox is not in sync with the Podfile.lock. Run 'pod install' or update your CocoaPods installation.\" >&2\n    exit 1\nfi\n# This output is used by Xcode 'outputs' to avoid re-running this script phase.\necho \"SUCCESS\" > \"${SCRIPT_OUTPUT_FILE_0}\"\n";
			showEnvVarsInLog = 0;
		};
/* End PBXShellScriptBuildPhase section */

/* Begin PBXSourcesBuildPhase section */
		772FF57329C673D8002D1E79 /* Sources */ = {
			isa = PBXSourcesBuildPhase;
			buildActionMask = 2147483647;
			files = (
				772FF57F29C673D8002D1E79 /* ViewController.swift in Sources */,
				772FF57B29C673D8002D1E79 /* AppDelegate.swift in Sources */,
				772FF57D29C673D8002D1E79 /* SceneDelegate.swift in Sources */,
				772FF58F29C67E4E002D1E79 /* Constant.swift in Sources */,
			);
			runOnlyForDeploymentPostprocessing = 0;
		};
/* End PBXSourcesBuildPhase section */

/* Begin PBXVariantGroup section */
		772FF58029C673D8002D1E79 /* Main.storyboard */ = {
			isa = PBXVariantGroup;
			children = (
				772FF58129C673D8002D1E79 /* Base */,
			);
			name = Main.storyboard;
			sourceTree = "<group>";
		};
		772FF58529C673DA002D1E79 /* LaunchScreen.storyboard */ = {
			isa = PBXVariantGroup;
			children = (
				772FF58629C673DA002D1E79 /* Base */,
			);
			name = LaunchScreen.storyboard;
			sourceTree = "<group>";
		};
/* End PBXVariantGroup section */

/* Begin XCBuildConfiguration section */
		772FF58929C673DA002D1E79 /* Debug */ = {
			isa = XCBuildConfiguration;
			buildSettings = {
				ALWAYS_SEARCH_USER_PATHS = NO;
				CLANG_ANALYZER_NONNULL = YES;
				CLANG_ANALYZER_NUMBER_OBJECT_CONVERSION = YES_AGGRESSIVE;
				CLANG_CXX_LANGUAGE_STANDARD = "gnu++20";
				CLANG_ENABLE_MODULES = YES;
				CLANG_ENABLE_OBJC_ARC = YES;
				CLANG_ENABLE_OBJC_WEAK = YES;
				CLANG_WARN_BLOCK_CAPTURE_AUTORELEASING = YES;
				CLANG_WARN_BOOL_CONVERSION = YES;
				CLANG_WARN_COMMA = YES;
				CLANG_WARN_CONSTANT_CONVERSION = YES;
				CLANG_WARN_DEPRECATED_OBJC_IMPLEMENTATIONS = YES;
				CLANG_WARN_DIRECT_OBJC_ISA_USAGE = YES_ERROR;
				CLANG_WARN_DOCUMENTATION_COMMENTS = YES;
				CLANG_WARN_EMPTY_BODY = YES;
				CLANG_WARN_ENUM_CONVERSION = YES;
				CLANG_WARN_INFINITE_RECURSION = YES;
				CLANG_WARN_INT_CONVERSION = YES;
				CLANG_WARN_NON_LITERAL_NULL_CONVERSION = YES;
				CLANG_WARN_OBJC_IMPLICIT_RETAIN_SELF = YES;
				CLANG_WARN_OBJC_LITERAL_CONVERSION = YES;
				CLANG_WARN_OBJC_ROOT_CLASS = YES_ERROR;
				CLANG_WARN_QUOTED_INCLUDE_IN_FRAMEWORK_HEADER = YES;
				CLANG_WARN_RANGE_LOOP_ANALYSIS = YES;
				CLANG_WARN_STRICT_PROTOTYPES = YES;
				CLANG_WARN_SUSPICIOUS_MOVE = YES;
				CLANG_WARN_UNGUARDED_AVAILABILITY = YES_AGGRESSIVE;
				CLANG_WARN_UNREACHABLE_CODE = YES;
				CLANG_WARN__DUPLICATE_METHOD_MATCH = YES;
				COPY_PHASE_STRIP = NO;
				DEBUG_INFORMATION_FORMAT = dwarf;
				ENABLE_STRICT_OBJC_MSGSEND = YES;
				ENABLE_TESTABILITY = YES;
				GCC_C_LANGUAGE_STANDARD = gnu11;
				GCC_DYNAMIC_NO_PIC = NO;
				GCC_NO_COMMON_BLOCKS = YES;
				GCC_OPTIMIZATION_LEVEL = 0;
				GCC_PREPROCESSOR_DEFINITIONS = (
					"DEBUG=1",
					"$(inherited)",
				);
				GCC_WARN_64_TO_32_BIT_CONVERSION = YES;
				GCC_WARN_ABOUT_RETURN_TYPE = YES_ERROR;
				GCC_WARN_UNDECLARED_SELECTOR = YES;
				GCC_WARN_UNINITIALIZED_AUTOS = YES_AGGRESSIVE;
				GCC_WARN_UNUSED_FUNCTION = YES;
				GCC_WARN_UNUSED_VARIABLE = YES;
				IPHONEOS_DEPLOYMENT_TARGET = 16.2;
				MTL_ENABLE_DEBUG_INFO = INCLUDE_SOURCE;
				MTL_FAST_MATH = YES;
				ONLY_ACTIVE_ARCH = YES;
				SDKROOT = iphoneos;
				SWIFT_ACTIVE_COMPILATION_CONDITIONS = DEBUG;
				SWIFT_OPTIMIZATION_LEVEL = "-Onone";
			};
			name = Debug;
		};
		772FF58A29C673DA002D1E79 /* Release */ = {
			isa = XCBuildConfiguration;
			buildSettings = {
				ALWAYS_SEARCH_USER_PATHS = NO;
				CLANG_ANALYZER_NONNULL = YES;
				CLANG_ANALYZER_NUMBER_OBJECT_CONVERSION = YES_AGGRESSIVE;
				CLANG_CXX_LANGUAGE_STANDARD = "gnu++20";
				CLANG_ENABLE_MODULES = YES;
				CLANG_ENABLE_OBJC_ARC = YES;
				CLANG_ENABLE_OBJC_WEAK = YES;
				CLANG_WARN_BLOCK_CAPTURE_AUTORELEASING = YES;
				CLANG_WARN_BOOL_CONVERSION = YES;
				CLANG_WARN_COMMA = YES;
				CLANG_WARN_CONSTANT_CONVERSION = YES;
				CLANG_WARN_DEPRECATED_OBJC_IMPLEMENTATIONS = YES;
				CLANG_WARN_DIRECT_OBJC_ISA_USAGE = YES_ERROR;
				CLANG_WARN_DOCUMENTATION_COMMENTS = YES;
				CLANG_WARN_EMPTY_BODY = YES;
				CLANG_WARN_ENUM_CONVERSION = YES;
				CLANG_WARN_INFINITE_RECURSION = YES;
				CLANG_WARN_INT_CONVERSION = YES;
				CLANG_WARN_NON_LITERAL_NULL_CONVERSION = YES;
				CLANG_WARN_OBJC_IMPLICIT_RETAIN_SELF = YES;
				CLANG_WARN_OBJC_LITERAL_CONVERSION = YES;
				CLANG_WARN_OBJC_ROOT_CLASS = YES_ERROR;
				CLANG_WARN_QUOTED_INCLUDE_IN_FRAMEWORK_HEADER = YES;
				CLANG_WARN_RANGE_LOOP_ANALYSIS = YES;
				CLANG_WARN_STRICT_PROTOTYPES = YES;
				CLANG_WARN_SUSPICIOUS_MOVE = YES;
				CLANG_WARN_UNGUARDED_AVAILABILITY = YES_AGGRESSIVE;
				CLANG_WARN_UNREACHABLE_CODE = YES;
				CLANG_WARN__DUPLICATE_METHOD_MATCH = YES;
				COPY_PHASE_STRIP = NO;
				DEBUG_INFORMATION_FORMAT = "dwarf-with-dsym";
				ENABLE_NS_ASSERTIONS = NO;
				ENABLE_STRICT_OBJC_MSGSEND = YES;
				GCC_C_LANGUAGE_STANDARD = gnu11;
				GCC_NO_COMMON_BLOCKS = YES;
				GCC_WARN_64_TO_32_BIT_CONVERSION = YES;
				GCC_WARN_ABOUT_RETURN_TYPE = YES_ERROR;
				GCC_WARN_UNDECLARED_SELECTOR = YES;
				GCC_WARN_UNINITIALIZED_AUTOS = YES_AGGRESSIVE;
				GCC_WARN_UNUSED_FUNCTION = YES;
				GCC_WARN_UNUSED_VARIABLE = YES;
				IPHONEOS_DEPLOYMENT_TARGET = 16.2;
				MTL_ENABLE_DEBUG_INFO = NO;
				MTL_FAST_MATH = YES;
				SDKROOT = iphoneos;
				SWIFT_COMPILATION_MODE = wholemodule;
				SWIFT_OPTIMIZATION_LEVEL = "-O";
				VALIDATE_PRODUCT = YES;
			};
			name = Release;
		};
		772FF58C29C673DA002D1E79 /* Debug */ = {
			isa = XCBuildConfiguration;
			baseConfigurationReference = EF2DBDEFBAE3744B6576C612 /* Pods-Question2Midterm.debug.xcconfig */;
			buildSettings = {
				ASSETCATALOG_COMPILER_APPICON_NAME = AppIcon;
				ASSETCATALOG_COMPILER_GLOBAL_ACCENT_COLOR_NAME = AccentColor;
				CODE_SIGN_STYLE = Automatic;
				CURRENT_PROJECT_VERSION = 1;
				GENERATE_INFOPLIST_FILE = YES;
				INFOPLIST_FILE = Question2Midterm/Info.plist;
				INFOPLIST_KEY_UIApplicationSupportsIndirectInputEvents = YES;
				INFOPLIST_KEY_UILaunchStoryboardName = LaunchScreen;
				INFOPLIST_KEY_UIMainStoryboardFile = Main;
				INFOPLIST_KEY_UISupportedInterfaceOrientations_iPad = "UIInterfaceOrientationPortrait UIInterfaceOrientationPortraitUpsideDown UIInterfaceOrientationLandscapeLeft UIInterfaceOrientationLandscapeRight";
				INFOPLIST_KEY_UISupportedInterfaceOrientations_iPhone = "UIInterfaceOrientationPortrait UIInterfaceOrientationLandscapeLeft UIInterfaceOrientationLandscapeRight";
				LD_RUNPATH_SEARCH_PATHS = (
					"$(inherited)",
					"@executable_path/Frameworks",
				);
				MARKETING_VERSION = 1.0;
				PRODUCT_BUNDLE_IDENTIFIER = "singh.ankitd-northeastern.edu.Question2Midterm";
				PRODUCT_NAME = "$(TARGET_NAME)";
				SWIFT_EMIT_LOC_STRINGS = YES;
				SWIFT_VERSION = 5.0;
				TARGETED_DEVICE_FAMILY = "1,2";
			};
			name = Debug;
		};
		772FF58D29C673DA002D1E79 /* Release */ = {
			isa = XCBuildConfiguration;
			baseConfigurationReference = 9E656A28C4307F45596788D6 /* Pods-Question2Midterm.release.xcconfig */;
			buildSettings = {
				ASSETCATALOG_COMPILER_APPICON_NAME = AppIcon;
				ASSETCATALOG_COMPILER_GLOBAL_ACCENT_COLOR_NAME = AccentColor;
				CODE_SIGN_STYLE = Automatic;
				CURRENT_PROJECT_VERSION = 1;
				GENERATE_INFOPLIST_FILE = YES;
				INFOPLIST_FILE = Question2Midterm/Info.plist;
				INFOPLIST_KEY_UIApplicationSupportsIndirectInputEvents = YES;
				INFOPLIST_KEY_UILaunchStoryboardName = LaunchScreen;
				INFOPLIST_KEY_UIMainStoryboardFile = Main;
				INFOPLIST_KEY_UISupportedInterfaceOrientations_iPad = "UIInterfaceOrientationPortrait UIInterfaceOrientationPortraitUpsideDown UIInterfaceOrientationLandscapeLeft UIInterfaceOrientationLandscapeRight";
				INFOPLIST_KEY_UISupportedInterfaceOrientations_iPhone = "UIInterfaceOrientationPortrait UIInterfaceOrientationLandscapeLeft UIInterfaceOrientationLandscapeRight";
				LD_RUNPATH_SEARCH_PATHS = (
					"$(inherited)",
					"@executable_path/Frameworks",
				);
				MARKETING_VERSION = 1.0;
				PRODUCT_BUNDLE_IDENTIFIER = "singh.ankitd-northeastern.edu.Question2Midterm";
				PRODUCT_NAME = "$(TARGET_NAME)";
				SWIFT_EMIT_LOC_STRINGS = YES;
				SWIFT_VERSION = 5.0;
				TARGETED_DEVICE_FAMILY = "1,2";
			};
			name = Release;
		};
/* End XCBuildConfiguration section */

/* Begin XCConfigurationList section */
		772FF57229C673D8002D1E79 /* Build configuration list for PBXProject "Question2Midterm" */ = {
			isa = XCConfigurationList;
			buildConfigurations = (
				772FF58929C673DA002D1E79 /* Debug */,
				772FF58A29C673DA002D1E79 /* Release */,
			);
			defaultConfigurationIsVisible = 0;
			defaultConfigurationName = Release;
		};
		772FF58B29C673DA002D1E79 /* Build configuration list for PBXNativeTarget "Question2Midterm" */ = {
			isa = XCConfigurationList;
			buildConfigurations = (
				772FF58C29C673DA002D1E79 /* Debug */,
				772FF58D29C673DA002D1E79 /* Release */,
			);
			defaultConfigurationIsVisible = 0;
			defaultConfigurationName = Release;
		};
/* End XCConfigurationList section */
	};
	rootObject = 772FF56F29C673D8002D1E79 /* Project object */;
}
